
Microsoft Visual Studio Solution File, Format Version 12.00
# Visual Studio Version 17
VisualStudioVersion = 17.6.33801.468
MinimumVisualStudioVersion = 10.0.40219.1
Project("{2150E333-8FDC-42A3-9474-1A3956D46DE8}") = "src", "src", "{B06CE6E6-72C5-46CF-B778-75469A716D32}"
EndProject
Project("{FAE04EC0-301F-11D3-BF4B-00C04F79EFBC}") = "Dlbb.Track.Api", "src\Dlbb.Track.Api\Dlbb.Track.Api.csproj", "{93512B13-EF03-4A36-B743-3E1556D7A555}"
EndProject
Global
	GlobalSection(SolutionConfigurationPlatforms) = preSolution
		Debug|Any CPU = Debug|Any CPU
		Release|Any CPU = Release|Any CPU
	EndGlobalSection
	GlobalSection(ProjectConfigurationPlatforms) = postSolution
		{93512B13-EF03-4A36-B743-3E1556D7A555}.Debug|Any CPU.ActiveCfg = Debug|Any CPU
		{93512B13-EF03-4A36-B743-3E1556D7A555}.Debug|Any CPU.Build.0 = Debug|Any CPU
		{93512B13-EF03-4A36-B743-3E1556D7A555}.Release|Any CPU.ActiveCfg = Release|Any CPU
		{93512B13-EF03-4A36-B743-3E1556D7A555}.Release|Any CPU.Build.0 = Release|Any CPU
	EndGlobalSection
	GlobalSection(SolutionProperties) = preSolution
		HideSolutionNode = FALSE
	EndGlobalSection
	GlobalSection(NestedProjects) = preSolution
		{93512B13-EF03-4A36-B743-3E1556D7A555} = {B06CE6E6-72C5-46CF-B778-75469A716D32}
	EndGlobalSection
	GlobalSection(ExtensibilityGlobals) = postSolution
		SolutionGuid = {7DEDD0EB-C768-4E2D-8253-A74AF1AE8B45}
	EndGlobalSection
EndGlobal
