
Microsoft Visual Studio Solution File, Format Version 12.00
# Visual Studio Version 17
VisualStudioVersion = 17.6.33801.468
MinimumVisualStudioVersion = 10.0.40219.1
Project("{2150E333-8FDC-42A3-9474-1A3956D46DE8}") = "src", "src", "{B06CE6E6-72C5-46CF-B778-75469A716D32}"
EndProject
Project("{2150E333-8FDC-42A3-9474-1A3956D46DE8}") = "Presentation", "Presentation", "{089E9B0C-FAFB-4702-BB4F-AEA3AF97E927}"
EndProject
Project("{9A19103F-16F7-4668-BE54-9A1E7A4F7556}") = "Dlbb.Track.WebApi", "Dlbb.Track.WebApi\Dlbb.Track.WebApi.csproj", "{D0096877-CF8E-47E6-8855-561B68CD1803}"
EndProject
Project("{2150E333-8FDC-42A3-9474-1A3956D46DE8}") = "Core", "Core", "{A0B48A79-B285-469F-912C-A6858FF33C96}"
EndProject
Project("{9A19103F-16F7-4668-BE54-9A1E7A4F7556}") = "Dlbb.Track.Domain", "Dlbb.Track.Aplication\Dlbb.Track.Domain.csproj", "{275B6CD8-0576-49A0-86D9-165D3C29C7C3}"
EndProject
Project("{2150E333-8FDC-42A3-9474-1A3956D46DE8}") = "Infrastructure", "Infrastructure", "{84F9A38F-20DD-4967-8385-6C1E9FE0550B}"
EndProject
Project("{9A19103F-16F7-4668-BE54-9A1E7A4F7556}") = "Dlbb.Track.Persistence", "Dlbb.Track.Persistence\Dlbb.Track.Persistence.csproj", "{A6B08A81-4890-4F42-8BAD-9A606ED7DA07}"
EndProject
Project("{2150E333-8FDC-42A3-9474-1A3956D46DE8}") = "Solution Items", "Solution Items", "{37234787-9DBF-4FC3-A508-972D7B5C3733}"
	ProjectSection(SolutionItems) = preProject
		.editorconfig = .editorconfig
	EndProjectSection
EndProject
Global
	GlobalSection(SolutionConfigurationPlatforms) = preSolution
		Debug|Any CPU = Debug|Any CPU
		Release|Any CPU = Release|Any CPU
	EndGlobalSection
	GlobalSection(ProjectConfigurationPlatforms) = postSolution
		{D0096877-CF8E-47E6-8855-561B68CD1803}.Debug|Any CPU.ActiveCfg = Debug|Any CPU
		{D0096877-CF8E-47E6-8855-561B68CD1803}.Debug|Any CPU.Build.0 = Debug|Any CPU
		{D0096877-CF8E-47E6-8855-561B68CD1803}.Release|Any CPU.ActiveCfg = Release|Any CPU
		{D0096877-CF8E-47E6-8855-561B68CD1803}.Release|Any CPU.Build.0 = Release|Any CPU
		{275B6CD8-0576-49A0-86D9-165D3C29C7C3}.Debug|Any CPU.ActiveCfg = Debug|Any CPU
		{275B6CD8-0576-49A0-86D9-165D3C29C7C3}.Debug|Any CPU.Build.0 = Debug|Any CPU
		{275B6CD8-0576-49A0-86D9-165D3C29C7C3}.Release|Any CPU.ActiveCfg = Release|Any CPU
		{275B6CD8-0576-49A0-86D9-165D3C29C7C3}.Release|Any CPU.Build.0 = Release|Any CPU
		{A6B08A81-4890-4F42-8BAD-9A606ED7DA07}.Debug|Any CPU.ActiveCfg = Debug|Any CPU
		{A6B08A81-4890-4F42-8BAD-9A606ED7DA07}.Debug|Any CPU.Build.0 = Debug|Any CPU
		{A6B08A81-4890-4F42-8BAD-9A606ED7DA07}.Release|Any CPU.ActiveCfg = Release|Any CPU
		{A6B08A81-4890-4F42-8BAD-9A606ED7DA07}.Release|Any CPU.Build.0 = Release|Any CPU
	EndGlobalSection
	GlobalSection(SolutionProperties) = preSolution
		HideSolutionNode = FALSE
	EndGlobalSection
	GlobalSection(NestedProjects) = preSolution
		{089E9B0C-FAFB-4702-BB4F-AEA3AF97E927} = {B06CE6E6-72C5-46CF-B778-75469A716D32}
		{D0096877-CF8E-47E6-8855-561B68CD1803} = {089E9B0C-FAFB-4702-BB4F-AEA3AF97E927}
		{A0B48A79-B285-469F-912C-A6858FF33C96} = {B06CE6E6-72C5-46CF-B778-75469A716D32}
		{275B6CD8-0576-49A0-86D9-165D3C29C7C3} = {A0B48A79-B285-469F-912C-A6858FF33C96}
		{84F9A38F-20DD-4967-8385-6C1E9FE0550B} = {B06CE6E6-72C5-46CF-B778-75469A716D32}
		{A6B08A81-4890-4F42-8BAD-9A606ED7DA07} = {84F9A38F-20DD-4967-8385-6C1E9FE0550B}
	EndGlobalSection
	GlobalSection(ExtensibilityGlobals) = postSolution
		SolutionGuid = {7DEDD0EB-C768-4E2D-8253-A74AF1AE8B45}
	EndGlobalSection
EndGlobal
