
Microsoft Visual Studio Solution File, Format Version 12.00
# Visual Studio Version 17
VisualStudioVersion = 17.6.33801.468
MinimumVisualStudioVersion = 10.0.40219.1
Project("{2150E333-8FDC-42A3-9474-1A3956D46DE8}") = "src", "src", "{B06CE6E6-72C5-46CF-B778-75469A716D32}"
EndProject
Project("{2150E333-8FDC-42A3-9474-1A3956D46DE8}") = "Presentation", "Presentation", "{089E9B0C-FAFB-4702-BB4F-AEA3AF97E927}"
EndProject
Project("{FAE04EC0-301F-11D3-BF4B-00C04F79EFBC}") = "Dlbb.Track.WebApi", "Dlbb.Track.WebApi\Dlbb.Track.WebApi.csproj", "{D0096877-CF8E-47E6-8855-561B68CD1803}"
EndProject
Global
	GlobalSection(SolutionConfigurationPlatforms) = preSolution
		Debug|Any CPU = Debug|Any CPU
		Release|Any CPU = Release|Any CPU
	EndGlobalSection
	GlobalSection(ProjectConfigurationPlatforms) = postSolution
		{D0096877-CF8E-47E6-8855-561B68CD1803}.Debug|Any CPU.ActiveCfg = Debug|Any CPU
		{D0096877-CF8E-47E6-8855-561B68CD1803}.Debug|Any CPU.Build.0 = Debug|Any CPU
		{D0096877-CF8E-47E6-8855-561B68CD1803}.Release|Any CPU.ActiveCfg = Release|Any CPU
		{D0096877-CF8E-47E6-8855-561B68CD1803}.Release|Any CPU.Build.0 = Release|Any CPU
	EndGlobalSection
	GlobalSection(SolutionProperties) = preSolution
		HideSolutionNode = FALSE
	EndGlobalSection
	GlobalSection(NestedProjects) = preSolution
		{089E9B0C-FAFB-4702-BB4F-AEA3AF97E927} = {B06CE6E6-72C5-46CF-B778-75469A716D32}
		{D0096877-CF8E-47E6-8855-561B68CD1803} = {089E9B0C-FAFB-4702-BB4F-AEA3AF97E927}
	EndGlobalSection
	GlobalSection(ExtensibilityGlobals) = postSolution
		SolutionGuid = {7DEDD0EB-C768-4E2D-8253-A74AF1AE8B45}
	EndGlobalSection
EndGlobal
